
Microsoft Visual Studio Solution File, Format Version 12.00
# Visual Studio Version 17
VisualStudioVersion = 17.3.32929.385
MinimumVisualStudioVersion = 10.0.40219.1
Project("{8BC9CEB8-8B4A-11D0-8D11-00A0C91BC942}") = "ConsoleApplication1", "ConsoleApplication1\ConsoleApplication1.vcxproj", "{EC0F4CC0-9C21-45C4-B85C-2F968F6979DD}"
EndProject
Global
	GlobalSection(SolutionConfigurationPlatforms) = preSolution
		Debug|x64 = Debug|x64
		Debug|x86 = Debug|x86
		Release|x64 = Release|x64
		Release|x86 = Release|x86
	EndGlobalSection
	GlobalSection(ProjectConfigurationPlatforms) = postSolution
		{EC0F4CC0-9C21-45C4-B85C-2F968F6979DD}.Debug|x64.ActiveCfg = Debug|x64
		{EC0F4CC0-9C21-45C4-B85C-2F968F6979DD}.Debug|x64.Build.0 = Debug|x64
		{EC0F4CC0-9C21-45C4-B85C-2F968F6979DD}.Debug|x86.ActiveCfg = Debug|Win32
		{EC0F4CC0-9C21-45C4-B85C-2F968F6979DD}.Debug|x86.Build.0 = Debug|Win32
		{EC0F4CC0-9C21-45C4-B85C-2F968F6979DD}.Release|x64.ActiveCfg = Release|x64
		{EC0F4CC0-9C21-45C4-B85C-2F968F6979DD}.Release|x64.Build.0 = Release|x64
		{EC0F4CC0-9C21-45C4-B85C-2F968F6979DD}.Release|x86.ActiveCfg = Release|Win32
		{EC0F4CC0-9C21-45C4-B85C-2F968F6979DD}.Release|x86.Build.0 = Release|Win32
	EndGlobalSection
	GlobalSection(SolutionProperties) = preSolution
		HideSolutionNode = FALSE
	EndGlobalSection
	GlobalSection(ExtensibilityGlobals) = postSolution
		SolutionGuid = {A0996696-FC0E-46B2-856A-7F387C805EC3}
	EndGlobalSection
EndGlobal
